
Microsoft Visual Studio Solution File, Format Version 12.00
# Visual Studio 15
Project("{FAE04EC0-301F-11D3-BF4B-00C04F79EFBC}") = "PhotonChat", "PhotonChat.csproj", "{657FFBB1-20F0-0015-0E34-5B9091B1BC7E}"
EndProject
Project("{FAE04EC0-301F-11D3-BF4B-00C04F79EFBC}") = "PhotonUnityNetworking.Demos", "PhotonUnityNetworking.Demos.csproj", "{298CB5AB-BFBD-3BA2-72E9-F3580B140BB7}"
EndProject
Project("{FAE04EC0-301F-11D3-BF4B-00C04F79EFBC}") = "Assembly-CSharp", "Assembly-CSharp.csproj", "{2F84947C-0C92-7404-7FD5-49095241AE9B}"
EndProject
Project("{FAE04EC0-301F-11D3-BF4B-00C04F79EFBC}") = "PhotonRealtime", "PhotonRealtime.csproj", "{EF5E4907-4FF2-F13B-C857-554081E1D2E0}"
EndProject
Project("{FAE04EC0-301F-11D3-BF4B-00C04F79EFBC}") = "PhotonUnityNetworking.Editor", "PhotonUnityNetworking.Editor.csproj", "{316E782A-FDEA-8DA6-E0E0-E41DC05F7AF4}"
EndProject
Project("{FAE04EC0-301F-11D3-BF4B-00C04F79EFBC}") = "PhotonUnityNetworking", "PhotonUnityNetworking.csproj", "{E0B3DCED-B7EF-442D-C5AC-63DC589F67E2}"
EndProject
Project("{FAE04EC0-301F-11D3-BF4B-00C04F79EFBC}") = "PhotonUnityNetworking.Utilities.PhotonPlayer.Editor", "PhotonUnityNetworking.Utilities.PhotonPlayer.Editor.csproj", "{686A069A-25A2-B280-0BC2-C02DFA3C38B3}"
EndProject
Project("{FAE04EC0-301F-11D3-BF4B-00C04F79EFBC}") = "PhotonUnityNetworking.Utilities", "PhotonUnityNetworking.Utilities.csproj", "{81B3BD68-7CF2-A01F-7E9D-8A40381F726D}"
EndProject
Project("{FAE04EC0-301F-11D3-BF4B-00C04F79EFBC}") = "PunDemos.DemoSlotcarEditor", "PunDemos.DemoSlotcarEditor.csproj", "{59EEF2DF-94A7-7AD3-62CB-A4CF36E31B16}"
EndProject
Project("{FAE04EC0-301F-11D3-BF4B-00C04F79EFBC}") = "PhotonUnityNetworking.Utilities.Culling.Editor", "PhotonUnityNetworking.Utilities.Culling.Editor.csproj", "{9309D464-0D84-5673-7F36-9E6776F063F7}"
EndProject
Project("{FAE04EC0-301F-11D3-BF4B-00C04F79EFBC}") = "PunDemos.DemoHubEditor", "PunDemos.DemoHubEditor.csproj", "{3C0A73B3-0CA9-908E-D0E3-7D9C7BC953D8}"
EndProject
Project("{FAE04EC0-301F-11D3-BF4B-00C04F79EFBC}") = "Assembly-CSharp-Editor", "Assembly-CSharp-Editor.csproj", "{23710F04-E3E9-FC5B-C9DA-96F7376E01CE}"
EndProject
Global
	GlobalSection(SolutionConfigurationPlatforms) = preSolution
		Debug|Any CPU = Debug|Any CPU
		Release|Any CPU = Release|Any CPU
	EndGlobalSection
	GlobalSection(ProjectConfigurationPlatforms) = postSolution
		{657FFBB1-20F0-0015-0E34-5B9091B1BC7E}.Debug|Any CPU.ActiveCfg = Debug|Any CPU
		{657FFBB1-20F0-0015-0E34-5B9091B1BC7E}.Debug|Any CPU.Build.0 = Debug|Any CPU
		{657FFBB1-20F0-0015-0E34-5B9091B1BC7E}.Release|Any CPU.ActiveCfg = Release|Any CPU
		{657FFBB1-20F0-0015-0E34-5B9091B1BC7E}.Release|Any CPU.Build.0 = Release|Any CPU
		{298CB5AB-BFBD-3BA2-72E9-F3580B140BB7}.Debug|Any CPU.ActiveCfg = Debug|Any CPU
		{298CB5AB-BFBD-3BA2-72E9-F3580B140BB7}.Debug|Any CPU.Build.0 = Debug|Any CPU
		{298CB5AB-BFBD-3BA2-72E9-F3580B140BB7}.Release|Any CPU.ActiveCfg = Release|Any CPU
		{298CB5AB-BFBD-3BA2-72E9-F3580B140BB7}.Release|Any CPU.Build.0 = Release|Any CPU
		{2F84947C-0C92-7404-7FD5-49095241AE9B}.Debug|Any CPU.ActiveCfg = Debug|Any CPU
		{2F84947C-0C92-7404-7FD5-49095241AE9B}.Debug|Any CPU.Build.0 = Debug|Any CPU
		{2F84947C-0C92-7404-7FD5-49095241AE9B}.Release|Any CPU.ActiveCfg = Release|Any CPU
		{2F84947C-0C92-7404-7FD5-49095241AE9B}.Release|Any CPU.Build.0 = Release|Any CPU
		{EF5E4907-4FF2-F13B-C857-554081E1D2E0}.Debug|Any CPU.ActiveCfg = Debug|Any CPU
		{EF5E4907-4FF2-F13B-C857-554081E1D2E0}.Debug|Any CPU.Build.0 = Debug|Any CPU
		{EF5E4907-4FF2-F13B-C857-554081E1D2E0}.Release|Any CPU.ActiveCfg = Release|Any CPU
		{EF5E4907-4FF2-F13B-C857-554081E1D2E0}.Release|Any CPU.Build.0 = Release|Any CPU
		{316E782A-FDEA-8DA6-E0E0-E41DC05F7AF4}.Debug|Any CPU.ActiveCfg = Debug|Any CPU
		{316E782A-FDEA-8DA6-E0E0-E41DC05F7AF4}.Debug|Any CPU.Build.0 = Debug|Any CPU
		{316E782A-FDEA-8DA6-E0E0-E41DC05F7AF4}.Release|Any CPU.ActiveCfg = Release|Any CPU
		{316E782A-FDEA-8DA6-E0E0-E41DC05F7AF4}.Release|Any CPU.Build.0 = Release|Any CPU
		{E0B3DCED-B7EF-442D-C5AC-63DC589F67E2}.Debug|Any CPU.ActiveCfg = Debug|Any CPU
		{E0B3DCED-B7EF-442D-C5AC-63DC589F67E2}.Debug|Any CPU.Build.0 = Debug|Any CPU
		{E0B3DCED-B7EF-442D-C5AC-63DC589F67E2}.Release|Any CPU.ActiveCfg = Release|Any CPU
		{E0B3DCED-B7EF-442D-C5AC-63DC589F67E2}.Release|Any CPU.Build.0 = Release|Any CPU
		{686A069A-25A2-B280-0BC2-C02DFA3C38B3}.Debug|Any CPU.ActiveCfg = Debug|Any CPU
		{686A069A-25A2-B280-0BC2-C02DFA3C38B3}.Debug|Any CPU.Build.0 = Debug|Any CPU
		{686A069A-25A2-B280-0BC2-C02DFA3C38B3}.Release|Any CPU.ActiveCfg = Release|Any CPU
		{686A069A-25A2-B280-0BC2-C02DFA3C38B3}.Release|Any CPU.Build.0 = Release|Any CPU
		{81B3BD68-7CF2-A01F-7E9D-8A40381F726D}.Debug|Any CPU.ActiveCfg = Debug|Any CPU
		{81B3BD68-7CF2-A01F-7E9D-8A40381F726D}.Debug|Any CPU.Build.0 = Debug|Any CPU
		{81B3BD68-7CF2-A01F-7E9D-8A40381F726D}.Release|Any CPU.ActiveCfg = Release|Any CPU
		{81B3BD68-7CF2-A01F-7E9D-8A40381F726D}.Release|Any CPU.Build.0 = Release|Any CPU
		{59EEF2DF-94A7-7AD3-62CB-A4CF36E31B16}.Debug|Any CPU.ActiveCfg = Debug|Any CPU
		{59EEF2DF-94A7-7AD3-62CB-A4CF36E31B16}.Debug|Any CPU.Build.0 = Debug|Any CPU
		{59EEF2DF-94A7-7AD3-62CB-A4CF36E31B16}.Release|Any CPU.ActiveCfg = Release|Any CPU
		{59EEF2DF-94A7-7AD3-62CB-A4CF36E31B16}.Release|Any CPU.Build.0 = Release|Any CPU
		{9309D464-0D84-5673-7F36-9E6776F063F7}.Debug|Any CPU.ActiveCfg = Debug|Any CPU
		{9309D464-0D84-5673-7F36-9E6776F063F7}.Debug|Any CPU.Build.0 = Debug|Any CPU
		{9309D464-0D84-5673-7F36-9E6776F063F7}.Release|Any CPU.ActiveCfg = Release|Any CPU
		{9309D464-0D84-5673-7F36-9E6776F063F7}.Release|Any CPU.Build.0 = Release|Any CPU
		{3C0A73B3-0CA9-908E-D0E3-7D9C7BC953D8}.Debug|Any CPU.ActiveCfg = Debug|Any CPU
		{3C0A73B3-0CA9-908E-D0E3-7D9C7BC953D8}.Debug|Any CPU.Build.0 = Debug|Any CPU
		{3C0A73B3-0CA9-908E-D0E3-7D9C7BC953D8}.Release|Any CPU.ActiveCfg = Release|Any CPU
		{3C0A73B3-0CA9-908E-D0E3-7D9C7BC953D8}.Release|Any CPU.Build.0 = Release|Any CPU
		{23710F04-E3E9-FC5B-C9DA-96F7376E01CE}.Debug|Any CPU.ActiveCfg = Debug|Any CPU
		{23710F04-E3E9-FC5B-C9DA-96F7376E01CE}.Debug|Any CPU.Build.0 = Debug|Any CPU
		{23710F04-E3E9-FC5B-C9DA-96F7376E01CE}.Release|Any CPU.ActiveCfg = Release|Any CPU
		{23710F04-E3E9-FC5B-C9DA-96F7376E01CE}.Release|Any CPU.Build.0 = Release|Any CPU
	EndGlobalSection
	GlobalSection(SolutionProperties) = preSolution
		HideSolutionNode = FALSE
	EndGlobalSection
EndGlobal
